// !$*UTF8*$!
{
	archiveVersion = 1;
	classes = {
	};
	objectVersion = 50;
	objects = {

/* Begin PBXBuildFile section */
		9B97774624C422B1000F274F /* AppDelegate.swift in Sources */ = {isa = PBXBuildFile; fileRef = 9B97774524C422B1000F274F /* AppDelegate.swift */; };
		9B97774824C422B1000F274F /* SceneDelegate.swift in Sources */ = {isa = PBXBuildFile; fileRef = 9B97774724C422B1000F274F /* SceneDelegate.swift */; };
		9B97774A24C422B1000F274F /* ContentView.swift in Sources */ = {isa = PBXBuildFile; fileRef = 9B97774924C422B1000F274F /* ContentView.swift */; };
		9B97774C24C422B3000F274F /* Assets.xcassets in Resources */ = {isa = PBXBuildFile; fileRef = 9B97774B24C422B3000F274F /* Assets.xcassets */; };
		9B97774F24C422B3000F274F /* Preview Assets.xcassets in Resources */ = {isa = PBXBuildFile; fileRef = 9B97774E24C422B3000F274F /* Preview Assets.xcassets */; };
		9B97775224C422B3000F274F /* LaunchScreen.storyboard in Resources */ = {isa = PBXBuildFile; fileRef = 9B97775024C422B3000F274F /* LaunchScreen.storyboard */; };
		9B97775A24C422CF000F274F /* ContactModel.swift in Sources */ = {isa = PBXBuildFile; fileRef = 9B97775924C422CF000F274F /* ContactModel.swift */; };
		9B97775C24C42E82000F274F /* ContactCellView.swift in Sources */ = {isa = PBXBuildFile; fileRef = 9B97775B24C42E82000F274F /* ContactCellView.swift */; };
		9B97775E24C42FF5000F274F /* Color.swift in Sources */ = {isa = PBXBuildFile; fileRef = 9B97775D24C42FF5000F274F /* Color.swift */; };
		9B97776124C439C9000F274F /* PickerListView.swift in Sources */ = {isa = PBXBuildFile; fileRef = 9B97776024C439C9000F274F /* PickerListView.swift */; };
		9B97776324C447B3000F274F /* DetailView.swift in Sources */ = {isa = PBXBuildFile; fileRef = 9B97776224C447B3000F274F /* DetailView.swift */; };
		9B97776524C45A1B000F274F /* PickerScrollView.swift in Sources */ = {isa = PBXBuildFile; fileRef = 9B97776424C45A1B000F274F /* PickerScrollView.swift */; };
/* End PBXBuildFile section */

/* Begin PBXFileReference section */
		9B97774224C422B1000F274F /* PickerWithList_ScrollView.app */ = {isa = PBXFileReference; explicitFileType = wrapper.application; includeInIndex = 0; path = PickerWithList_ScrollView.app; sourceTree = BUILT_PRODUCTS_DIR; };
		9B97774524C422B1000F274F /* AppDelegate.swift */ = {isa = PBXFileReference; lastKnownFileType = sourcecode.swift; path = AppDelegate.swift; sourceTree = "<group>"; };
		9B97774724C422B1000F274F /* SceneDelegate.swift */ = {isa = PBXFileReference; lastKnownFileType = sourcecode.swift; path = SceneDelegate.swift; sourceTree = "<group>"; };
		9B97774924C422B1000F274F /* ContentView.swift */ = {isa = PBXFileReference; lastKnownFileType = sourcecode.swift; path = ContentView.swift; sourceTree = "<group>"; };
		9B97774B24C422B3000F274F /* Assets.xcassets */ = {isa = PBXFileReference; lastKnownFileType = folder.assetcatalog; path = Assets.xcassets; sourceTree = "<group>"; };
		9B97774E24C422B3000F274F /* Preview Assets.xcassets */ = {isa = PBXFileReference; lastKnownFileType = folder.assetcatalog; path = "Preview Assets.xcassets"; sourceTree = "<group>"; };
		9B97775124C422B3000F274F /* Base */ = {isa = PBXFileReference; lastKnownFileType = file.storyboard; name = Base; path = Base.lproj/LaunchScreen.storyboard; sourceTree = "<group>"; };
		9B97775324C422B3000F274F /* Info.plist */ = {isa = PBXFileReference; lastKnownFileType = text.plist.xml; path = Info.plist; sourceTree = "<group>"; };
		9B97775924C422CF000F274F /* ContactModel.swift */ = {isa = PBXFileReference; lastKnownFileType = sourcecode.swift; path = ContactModel.swift; sourceTree = "<group>"; };
		9B97775B24C42E82000F274F /* ContactCellView.swift */ = {isa = PBXFileReference; lastKnownFileType = sourcecode.swift; path = ContactCellView.swift; sourceTree = "<group>"; };
		9B97775D24C42FF5000F274F /* Color.swift */ = {isa = PBXFileReference; lastKnownFileType = sourcecode.swift; path = Color.swift; sourceTree = "<group>"; };
		9B97776024C439C9000F274F /* PickerListView.swift */ = {isa = PBXFileReference; lastKnownFileType = sourcecode.swift; path = PickerListView.swift; sourceTree = "<group>"; };
		9B97776224C447B3000F274F /* DetailView.swift */ = {isa = PBXFileReference; lastKnownFileType = sourcecode.swift; path = DetailView.swift; sourceTree = "<group>"; };
		9B97776424C45A1B000F274F /* PickerScrollView.swift */ = {isa = PBXFileReference; lastKnownFileType = sourcecode.swift; path = PickerScrollView.swift; sourceTree = "<group>"; };
/* End PBXFileReference section */

/* Begin PBXFrameworksBuildPhase section */
		9B97773F24C422B1000F274F /* Frameworks */ = {
			isa = PBXFrameworksBuildPhase;
			buildActionMask = 2147483647;
			files = (
			);
			runOnlyForDeploymentPostprocessing = 0;
		};
/* End PBXFrameworksBuildPhase section */

/* Begin PBXGroup section */
		9B97773924C422B1000F274F = {
			isa = PBXGroup;
			children = (
				9B97774424C422B1000F274F /* PickerWithList_ScrollView */,
				9B97774324C422B1000F274F /* Products */,
			);
			sourceTree = "<group>";
		};
		9B97774324C422B1000F274F /* Products */ = {
			isa = PBXGroup;
			children = (
				9B97774224C422B1000F274F /* PickerWithList_ScrollView.app */,
			);
			name = Products;
			sourceTree = "<group>";
		};
		9B97774424C422B1000F274F /* PickerWithList_ScrollView */ = {
			isa = PBXGroup;
			children = (
				9B97775F24C42FFB000F274F /* Extensions */,
				9B97774524C422B1000F274F /* AppDelegate.swift */,
				9B97774724C422B1000F274F /* SceneDelegate.swift */,
				9B97775924C422CF000F274F /* ContactModel.swift */,
				9B97775B24C42E82000F274F /* ContactCellView.swift */,
				9B97774924C422B1000F274F /* ContentView.swift */,
				9B97776024C439C9000F274F /* PickerListView.swift */,
				9B97776424C45A1B000F274F /* PickerScrollView.swift */,
				9B97776224C447B3000F274F /* DetailView.swift */,
				9B97774B24C422B3000F274F /* Assets.xcassets */,
				9B97775024C422B3000F274F /* LaunchScreen.storyboard */,
				9B97775324C422B3000F274F /* Info.plist */,
				9B97774D24C422B3000F274F /* Preview Content */,
			);
			path = PickerWithList_ScrollView;
			sourceTree = "<group>";
		};
		9B97774D24C422B3000F274F /* Preview Content */ = {
			isa = PBXGroup;
			children = (
				9B97774E24C422B3000F274F /* Preview Assets.xcassets */,
			);
			path = "Preview Content";
			sourceTree = "<group>";
		};
		9B97775F24C42FFB000F274F /* Extensions */ = {
			isa = PBXGroup;
			children = (
				9B97775D24C42FF5000F274F /* Color.swift */,
			);
			name = Extensions;
			sourceTree = "<group>";
		};
/* End PBXGroup section */

/* Begin PBXNativeTarget section */
		9B97774124C422B1000F274F /* PickerWithList_ScrollView */ = {
			isa = PBXNativeTarget;
			buildConfigurationList = 9B97775624C422B3000F274F /* Build configuration list for PBXNativeTarget "PickerWithList_ScrollView" */;
			buildPhases = (
				9B97773E24C422B1000F274F /* Sources */,
				9B97773F24C422B1000F274F /* Frameworks */,
				9B97774024C422B1000F274F /* Resources */,
			);
			buildRules = (
			);
			dependencies = (
			);
			name = PickerWithList_ScrollView;
			productName = PickerWithList_ScrollView;
			productReference = 9B97774224C422B1000F274F /* PickerWithList_ScrollView.app */;
			productType = "com.apple.product-type.application";
		};
/* End PBXNativeTarget section */

/* Begin PBXProject section */
		9B97773A24C422B1000F274F /* Project object */ = {
			isa = PBXProject;
			attributes = {
				LastSwiftUpdateCheck = 1200;
				LastUpgradeCheck = 1200;
				TargetAttributes = {
					9B97774124C422B1000F274F = {
						CreatedOnToolsVersion = 12.0;
					};
				};
			};
			buildConfigurationList = 9B97773D24C422B1000F274F /* Build configuration list for PBXProject "PickerWithList_ScrollView" */;
			compatibilityVersion = "Xcode 9.3";
			developmentRegion = en;
			hasScannedForEncodings = 0;
			knownRegions = (
				en,
				Base,
			);
			mainGroup = 9B97773924C422B1000F274F;
			productRefGroup = 9B97774324C422B1000F274F /* Products */;
			projectDirPath = "";
			projectRoot = "";
			targets = (
				9B97774124C422B1000F274F /* PickerWithList_ScrollView */,
			);
		};
/* End PBXProject section */

/* Begin PBXResourcesBuildPhase section */
		9B97774024C422B1000F274F /* Resources */ = {
			isa = PBXResourcesBuildPhase;
			buildActionMask = 2147483647;
			files = (
				9B97775224C422B3000F274F /* LaunchScreen.storyboard in Resources */,
				9B97774F24C422B3000F274F /* Preview Assets.xcassets in Resources */,
				9B97774C24C422B3000F274F /* Assets.xcassets in Resources */,
			);
			runOnlyForDeploymentPostprocessing = 0;
		};
/* End PBXResourcesBuildPhase section */

/* Begin PBXSourcesBuildPhase section */
		9B97773E24C422B1000F274F /* Sources */ = {
			isa = PBXSourcesBuildPhase;
			buildActionMask = 2147483647;
			files = (
				9B97775C24C42E82000F274F /* ContactCellView.swift in Sources */,
				9B97776324C447B3000F274F /* DetailView.swift in Sources */,
				9B97775E24C42FF5000F274F /* Color.swift in Sources */,
				9B97776124C439C9000F274F /* PickerListView.swift in Sources */,
				9B97774624C422B1000F274F /* AppDelegate.swift in Sources */,
				9B97776524C45A1B000F274F /* PickerScrollView.swift in Sources */,
				9B97775A24C422CF000F274F /* ContactModel.swift in Sources */,
				9B97774824C422B1000F274F /* SceneDelegate.swift in Sources */,
				9B97774A24C422B1000F274F /* ContentView.swift in Sources */,
			);
			runOnlyForDeploymentPostprocessing = 0;
		};
/* End PBXSourcesBuildPhase section */

/* Begin PBXVariantGroup section */
		9B97775024C422B3000F274F /* LaunchScreen.storyboard */ = {
			isa = PBXVariantGroup;
			children = (
				9B97775124C422B3000F274F /* Base */,
			);
			name = LaunchScreen.storyboard;
			sourceTree = "<group>";
		};
/* End PBXVariantGroup section */

/* Begin XCBuildConfiguration section */
		9B97775424C422B3000F274F /* Debug */ = {
			isa = XCBuildConfiguration;
			buildSettings = {
				ALWAYS_SEARCH_USER_PATHS = NO;
				CLANG_ANALYZER_NONNULL = YES;
				CLANG_ANALYZER_NUMBER_OBJECT_CONVERSION = YES_AGGRESSIVE;
				CLANG_CXX_LANGUAGE_STANDARD = "gnu++14";
				CLANG_CXX_LIBRARY = "libc++";
				CLANG_ENABLE_MODULES = YES;
				CLANG_ENABLE_OBJC_ARC = YES;
				CLANG_ENABLE_OBJC_WEAK = YES;
				CLANG_WARN_BLOCK_CAPTURE_AUTORELEASING = YES;
				CLANG_WARN_BOOL_CONVERSION = YES;
				CLANG_WARN_COMMA = YES;
				CLANG_WARN_CONSTANT_CONVERSION = YES;
				CLANG_WARN_DEPRECATED_OBJC_IMPLEMENTATIONS = YES;
				CLANG_WARN_DIRECT_OBJC_ISA_USAGE = YES_ERROR;
				CLANG_WARN_DOCUMENTATION_COMMENTS = YES;
				CLANG_WARN_EMPTY_BODY = YES;
				CLANG_WARN_ENUM_CONVERSION = YES;
				CLANG_WARN_INFINITE_RECURSION = YES;
				CLANG_WARN_INT_CONVERSION = YES;
				CLANG_WARN_NON_LITERAL_NULL_CONVERSION = YES;
				CLANG_WARN_OBJC_IMPLICIT_RETAIN_SELF = YES;
				CLANG_WARN_OBJC_LITERAL_CONVERSION = YES;
				CLANG_WARN_OBJC_ROOT_CLASS = YES_ERROR;
				CLANG_WARN_QUOTED_INCLUDE_IN_FRAMEWORK_HEADER = YES;
				CLANG_WARN_RANGE_LOOP_ANALYSIS = YES;
				CLANG_WARN_STRICT_PROTOTYPES = YES;
				CLANG_WARN_SUSPICIOUS_MOVE = YES;
				CLANG_WARN_UNGUARDED_AVAILABILITY = YES_AGGRESSIVE;
				CLANG_WARN_UNREACHABLE_CODE = YES;
				CLANG_WARN__DUPLICATE_METHOD_MATCH = YES;
				COPY_PHASE_STRIP = NO;
				DEBUG_INFORMATION_FORMAT = dwarf;
				ENABLE_STRICT_OBJC_MSGSEND = YES;
				ENABLE_TESTABILITY = YES;
				GCC_C_LANGUAGE_STANDARD = gnu11;
				GCC_DYNAMIC_NO_PIC = NO;
				GCC_NO_COMMON_BLOCKS = YES;
				GCC_OPTIMIZATION_LEVEL = 0;
				GCC_PREPROCESSOR_DEFINITIONS = (
					"DEBUG=1",
					"$(inherited)",
				);
				GCC_WARN_64_TO_32_BIT_CONVERSION = YES;
				GCC_WARN_ABOUT_RETURN_TYPE = YES_ERROR;
				GCC_WARN_UNDECLARED_SELECTOR = YES;
				GCC_WARN_UNINITIALIZED_AUTOS = YES_AGGRESSIVE;
				GCC_WARN_UNUSED_FUNCTION = YES;
				GCC_WARN_UNUSED_VARIABLE = YES;
				IPHONEOS_DEPLOYMENT_TARGET = 14.0;
				MTL_ENABLE_DEBUG_INFO = INCLUDE_SOURCE;
				MTL_FAST_MATH = YES;
				ONLY_ACTIVE_ARCH = YES;
				SDKROOT = iphoneos;
				SWIFT_ACTIVE_COMPILATION_CONDITIONS = DEBUG;
				SWIFT_OPTIMIZATION_LEVEL = "-Onone";
			};
			name = Debug;
		};
		9B97775524C422B3000F274F /* Release */ = {
			isa = XCBuildConfiguration;
			buildSettings = {
				ALWAYS_SEARCH_USER_PATHS = NO;
				CLANG_ANALYZER_NONNULL = YES;
				CLANG_ANALYZER_NUMBER_OBJECT_CONVERSION = YES_AGGRESSIVE;
				CLANG_CXX_LANGUAGE_STANDARD = "gnu++14";
				CLANG_CXX_LIBRARY = "libc++";
				CLANG_ENABLE_MODULES = YES;
				CLANG_ENABLE_OBJC_ARC = YES;
				CLANG_ENABLE_OBJC_WEAK = YES;
				CLANG_WARN_BLOCK_CAPTURE_AUTORELEASING = YES;
				CLANG_WARN_BOOL_CONVERSION = YES;
				CLANG_WARN_COMMA = YES;
				CLANG_WARN_CONSTANT_CONVERSION = YES;
				CLANG_WARN_DEPRECATED_OBJC_IMPLEMENTATIONS = YES;
				CLANG_WARN_DIRECT_OBJC_ISA_USAGE = YES_ERROR;
				CLANG_WARN_DOCUMENTATION_COMMENTS = YES;
				CLANG_WARN_EMPTY_BODY = YES;
				CLANG_WARN_ENUM_CONVERSION = YES;
				CLANG_WARN_INFINITE_RECURSION = YES;
				CLANG_WARN_INT_CONVERSION = YES;
				CLANG_WARN_NON_LITERAL_NULL_CONVERSION = YES;
				CLANG_WARN_OBJC_IMPLICIT_RETAIN_SELF = YES;
				CLANG_WARN_OBJC_LITERAL_CONVERSION = YES;
				CLANG_WARN_OBJC_ROOT_CLASS = YES_ERROR;
				CLANG_WARN_QUOTED_INCLUDE_IN_FRAMEWORK_HEADER = YES;
				CLANG_WARN_RANGE_LOOP_ANALYSIS = YES;
				CLANG_WARN_STRICT_PROTOTYPES = YES;
				CLANG_WARN_SUSPICIOUS_MOVE = YES;
				CLANG_WARN_UNGUARDED_AVAILABILITY = YES_AGGRESSIVE;
				CLANG_WARN_UNREACHABLE_CODE = YES;
				CLANG_WARN__DUPLICATE_METHOD_MATCH = YES;
				COPY_PHASE_STRIP = NO;
				DEBUG_INFORMATION_FORMAT = "dwarf-with-dsym";
				ENABLE_NS_ASSERTIONS = NO;
				ENABLE_STRICT_OBJC_MSGSEND = YES;
				GCC_C_LANGUAGE_STANDARD = gnu11;
				GCC_NO_COMMON_BLOCKS = YES;
				GCC_WARN_64_TO_32_BIT_CONVERSION = YES;
				GCC_WARN_ABOUT_RETURN_TYPE = YES_ERROR;
				GCC_WARN_UNDECLARED_SELECTOR = YES;
				GCC_WARN_UNINITIALIZED_AUTOS = YES_AGGRESSIVE;
				GCC_WARN_UNUSED_FUNCTION = YES;
				GCC_WARN_UNUSED_VARIABLE = YES;
				IPHONEOS_DEPLOYMENT_TARGET = 14.0;
				MTL_ENABLE_DEBUG_INFO = NO;
				MTL_FAST_MATH = YES;
				SDKROOT = iphoneos;
				SWIFT_COMPILATION_MODE = wholemodule;
				SWIFT_OPTIMIZATION_LEVEL = "-O";
				VALIDATE_PRODUCT = YES;
			};
			name = Release;
		};
		9B97775724C422B3000F274F /* Debug */ = {
			isa = XCBuildConfiguration;
			buildSettings = {
				ASSETCATALOG_COMPILER_APPICON_NAME = AppIcon;
				ASSETCATALOG_COMPILER_GLOBAL_ACCENT_COLOR_NAME = AccentColor;
				CODE_SIGN_STYLE = Automatic;
				DEVELOPMENT_ASSET_PATHS = "\"PickerWithList_ScrollView/Preview Content\"";
				ENABLE_PREVIEWS = YES;
				INFOPLIST_FILE = PickerWithList_ScrollView/Info.plist;
				LD_RUNPATH_SEARCH_PATHS = (
					"$(inherited)",
					"@executable_path/Frameworks",
				);
				PRODUCT_BUNDLE_IDENTIFIER = "com.weekendlearning.PickerWithList-ScrollView";
				PRODUCT_NAME = "$(TARGET_NAME)";
				SWIFT_VERSION = 5.0;
				TARGETED_DEVICE_FAMILY = "1,2";
			};
			name = Debug;
		};
		9B97775824C422B3000F274F /* Release */ = {
			isa = XCBuildConfiguration;
			buildSettings = {
				ASSETCATALOG_COMPILER_APPICON_NAME = AppIcon;
				ASSETCATALOG_COMPILER_GLOBAL_ACCENT_COLOR_NAME = AccentColor;
				CODE_SIGN_STYLE = Automatic;
				DEVELOPMENT_ASSET_PATHS = "\"PickerWithList_ScrollView/Preview Content\"";
				ENABLE_PREVIEWS = YES;
				INFOPLIST_FILE = PickerWithList_ScrollView/Info.plist;
				LD_RUNPATH_SEARCH_PATHS = (
					"$(inherited)",
					"@executable_path/Frameworks",
				);
				PRODUCT_BUNDLE_IDENTIFIER = "com.weekendlearning.PickerWithList-ScrollView";
				PRODUCT_NAME = "$(TARGET_NAME)";
				SWIFT_VERSION = 5.0;
				TARGETED_DEVICE_FAMILY = "1,2";
			};
			name = Release;
		};
/* End XCBuildConfiguration section */

/* Begin XCConfigurationList section */
		9B97773D24C422B1000F274F /* Build configuration list for PBXProject "PickerWithList_ScrollView" */ = {
			isa = XCConfigurationList;
			buildConfigurations = (
				9B97775424C422B3000F274F /* Debug */,
				9B97775524C422B3000F274F /* Release */,
			);
			defaultConfigurationIsVisible = 0;
			defaultConfigurationName = Release;
		};
		9B97775624C422B3000F274F /* Build configuration list for PBXNativeTarget "PickerWithList_ScrollView" */ = {
			isa = XCConfigurationList;
			buildConfigurations = (
				9B97775724C422B3000F274F /* Debug */,
				9B97775824C422B3000F274F /* Release */,
			);
			defaultConfigurationIsVisible = 0;
			defaultConfigurationName = Release;
		};
/* End XCConfigurationList section */
	};
	rootObject = 9B97773A24C422B1000F274F /* Project object */;
}
